
Microsoft Visual Studio Solution File, Format Version 12.00
# Visual Studio 15
VisualStudioVersion = 15.0.27130.2010
MinimumVisualStudioVersion = 10.0.40219.1
Project("{FAE04EC0-301F-11D3-BF4B-00C04F79EFBC}") = "DurableIssueSpike", "DurableIssueSpike\DurableIssueSpike.csproj", "{BA25A9B7-134C-4C1A-B991-B6A61A9B9B2E}"
EndProject
Global
	GlobalSection(SolutionConfigurationPlatforms) = preSolution
		Debug|Any CPU = Debug|Any CPU
		Release|Any CPU = Release|Any CPU
	EndGlobalSection
	GlobalSection(ProjectConfigurationPlatforms) = postSolution
		{BA25A9B7-134C-4C1A-B991-B6A61A9B9B2E}.Debug|Any CPU.ActiveCfg = Debug|Any CPU
		{BA25A9B7-134C-4C1A-B991-B6A61A9B9B2E}.Debug|Any CPU.Build.0 = Debug|Any CPU
		{BA25A9B7-134C-4C1A-B991-B6A61A9B9B2E}.Release|Any CPU.ActiveCfg = Release|Any CPU
		{BA25A9B7-134C-4C1A-B991-B6A61A9B9B2E}.Release|Any CPU.Build.0 = Release|Any CPU
	EndGlobalSection
	GlobalSection(SolutionProperties) = preSolution
		HideSolutionNode = FALSE
	EndGlobalSection
	GlobalSection(ExtensibilityGlobals) = postSolution
		SolutionGuid = {8770DCF6-4BE6-45A7-8009-35DDD4699068}
	EndGlobalSection
EndGlobal
